
Microsoft Visual Studio Solution File, Format Version 12.00
# Visual Studio 15
Project("{FAE04EC0-301F-11D3-BF4B-00C04F79EFBC}") = "IMDBApp", "IMDBApp\IMDBApp.csproj", "{2DFAA04A-25C9-48D2-B8D0-F7C08B862F98}"
EndProject
Global
	GlobalSection(SolutionConfigurationPlatforms) = preSolution
		Debug|Any CPU = Debug|Any CPU
		Release|Any CPU = Release|Any CPU
	EndGlobalSection
	GlobalSection(ProjectConfigurationPlatforms) = postSolution
		{2DFAA04A-25C9-48D2-B8D0-F7C08B862F98}.Debug|Any CPU.ActiveCfg = Debug|Any CPU
		{2DFAA04A-25C9-48D2-B8D0-F7C08B862F98}.Debug|Any CPU.Build.0 = Debug|Any CPU
		{2DFAA04A-25C9-48D2-B8D0-F7C08B862F98}.Release|Any CPU.ActiveCfg = Release|Any CPU
		{2DFAA04A-25C9-48D2-B8D0-F7C08B862F98}.Release|Any CPU.Build.0 = Release|Any CPU
	EndGlobalSection
EndGlobal
